
Microsoft Visual Studio Solution File, Format Version 12.00
# Visual Studio Version 17
VisualStudioVersion = 17.0.31903.59
MinimumVisualStudioVersion = 10.0.40219.1
Project("{2150E333-8FDC-42A3-9474-1A3956D46DE8}") = "src", "src", "{661B005D-742F-4684-ACC1-1802F5B210B7}"
EndProject
Project("{FAE04EC0-301F-11D3-BF4B-00C04F79EFBC}") = "AuctionService", "src\AuctionService\AuctionService.csproj", "{257D76C1-324C-46F1-BB05-25BE83574333}"
EndProject
Project("{FAE04EC0-301F-11D3-BF4B-00C04F79EFBC}") = "SearchService", "src\SearchService\SearchService.csproj", "{E0B05359-51E6-4603-B880-F86AB30B4F58}"
EndProject
Project("{FAE04EC0-301F-11D3-BF4B-00C04F79EFBC}") = "Contracts", "src\Contracts\Contracts.csproj", "{BD3663D3-B0EC-483C-AF27-329B29B45E6E}"
EndProject
Project("{FAE04EC0-301F-11D3-BF4B-00C04F79EFBC}") = "IdentityService", "src\IdentityService\IdentityService.csproj", "{EFD9EC5F-1345-4B0E-BF60-343B2855CBDD}"
EndProject
Project("{FAE04EC0-301F-11D3-BF4B-00C04F79EFBC}") = "GatewayService", "src\GatewayService\GatewayService.csproj", "{B0576797-EE5D-4A00-8163-A3BEF63921D7}"
EndProject
Global
	GlobalSection(SolutionConfigurationPlatforms) = preSolution
		Debug|Any CPU = Debug|Any CPU
		Release|Any CPU = Release|Any CPU
	EndGlobalSection
	GlobalSection(SolutionProperties) = preSolution
		HideSolutionNode = FALSE
	EndGlobalSection
	GlobalSection(ProjectConfigurationPlatforms) = postSolution
		{257D76C1-324C-46F1-BB05-25BE83574333}.Debug|Any CPU.ActiveCfg = Debug|Any CPU
		{257D76C1-324C-46F1-BB05-25BE83574333}.Debug|Any CPU.Build.0 = Debug|Any CPU
		{257D76C1-324C-46F1-BB05-25BE83574333}.Release|Any CPU.ActiveCfg = Release|Any CPU
		{257D76C1-324C-46F1-BB05-25BE83574333}.Release|Any CPU.Build.0 = Release|Any CPU
		{E0B05359-51E6-4603-B880-F86AB30B4F58}.Debug|Any CPU.ActiveCfg = Debug|Any CPU
		{E0B05359-51E6-4603-B880-F86AB30B4F58}.Debug|Any CPU.Build.0 = Debug|Any CPU
		{E0B05359-51E6-4603-B880-F86AB30B4F58}.Release|Any CPU.ActiveCfg = Release|Any CPU
		{E0B05359-51E6-4603-B880-F86AB30B4F58}.Release|Any CPU.Build.0 = Release|Any CPU
		{BD3663D3-B0EC-483C-AF27-329B29B45E6E}.Debug|Any CPU.ActiveCfg = Debug|Any CPU
		{BD3663D3-B0EC-483C-AF27-329B29B45E6E}.Debug|Any CPU.Build.0 = Debug|Any CPU
		{BD3663D3-B0EC-483C-AF27-329B29B45E6E}.Release|Any CPU.ActiveCfg = Release|Any CPU
		{BD3663D3-B0EC-483C-AF27-329B29B45E6E}.Release|Any CPU.Build.0 = Release|Any CPU
		{EFD9EC5F-1345-4B0E-BF60-343B2855CBDD}.Debug|Any CPU.ActiveCfg = Debug|Any CPU
		{EFD9EC5F-1345-4B0E-BF60-343B2855CBDD}.Debug|Any CPU.Build.0 = Debug|Any CPU
		{EFD9EC5F-1345-4B0E-BF60-343B2855CBDD}.Release|Any CPU.ActiveCfg = Release|Any CPU
		{EFD9EC5F-1345-4B0E-BF60-343B2855CBDD}.Release|Any CPU.Build.0 = Release|Any CPU
		{B0576797-EE5D-4A00-8163-A3BEF63921D7}.Debug|Any CPU.ActiveCfg = Debug|Any CPU
		{B0576797-EE5D-4A00-8163-A3BEF63921D7}.Debug|Any CPU.Build.0 = Debug|Any CPU
		{B0576797-EE5D-4A00-8163-A3BEF63921D7}.Release|Any CPU.ActiveCfg = Release|Any CPU
		{B0576797-EE5D-4A00-8163-A3BEF63921D7}.Release|Any CPU.Build.0 = Release|Any CPU
	EndGlobalSection
	GlobalSection(NestedProjects) = preSolution
		{257D76C1-324C-46F1-BB05-25BE83574333} = {661B005D-742F-4684-ACC1-1802F5B210B7}
		{E0B05359-51E6-4603-B880-F86AB30B4F58} = {661B005D-742F-4684-ACC1-1802F5B210B7}
		{BD3663D3-B0EC-483C-AF27-329B29B45E6E} = {661B005D-742F-4684-ACC1-1802F5B210B7}
		{EFD9EC5F-1345-4B0E-BF60-343B2855CBDD} = {661B005D-742F-4684-ACC1-1802F5B210B7}
		{B0576797-EE5D-4A00-8163-A3BEF63921D7} = {661B005D-742F-4684-ACC1-1802F5B210B7}
	EndGlobalSection
EndGlobal
